// !$*UTF8*$!
{
	archiveVersion = 1;
	classes = {
	};
	objectVersion = 46;
	objects = {

/* Begin PBXBuildFile section */
		D20ACF85B8DB2EDCBDE4C0A9 /* Pods_doubledamnedLab.framework in Frameworks */ = {isa = PBXBuildFile; fileRef = 9C910AB542745ABAF16FD1E1 /* Pods_doubledamnedLab.framework */; };
		EAAB35E01E39023F002C2DD3 /* OnboardingViewController.swift in Sources */ = {isa = PBXBuildFile; fileRef = EAAB35DF1E39023F002C2DD3 /* OnboardingViewController.swift */; };
		F107BC9D1E3866370043F310 /* ItemViewController.swift in Sources */ = {isa = PBXBuildFile; fileRef = F107BC9C1E3866370043F310 /* ItemViewController.swift */; };
		F1FA03591E37D5CA001F04AE /* AppDelegate.swift in Sources */ = {isa = PBXBuildFile; fileRef = F1FA03581E37D5CA001F04AE /* AppDelegate.swift */; };
		F1FA03601E37D5CA001F04AE /* Assets.xcassets in Resources */ = {isa = PBXBuildFile; fileRef = F1FA035F1E37D5CA001F04AE /* Assets.xcassets */; };
		F1FA03631E37D5CA001F04AE /* LaunchScreen.storyboard in Resources */ = {isa = PBXBuildFile; fileRef = F1FA03611E37D5CA001F04AE /* LaunchScreen.storyboard */; };
		F1FA036D1E37D6D4001F04AE /* FullCollectionViewController.swift in Sources */ = {isa = PBXBuildFile; fileRef = F1FA036C1E37D6D4001F04AE /* FullCollectionViewController.swift */; };
		F1FA03731E37D709001F04AE /* Main.storyboard in Resources */ = {isa = PBXBuildFile; fileRef = F1FA03721E37D709001F04AE /* Main.storyboard */; };
		F1FA037A1E37DB27001F04AE /* UIKit.framework in Frameworks */ = {isa = PBXBuildFile; fileRef = F1FA03791E37DB27001F04AE /* UIKit.framework */; };
		F1FA03801E37E389001F04AE /* Image.swift in Sources */ = {isa = PBXBuildFile; fileRef = F1FA037F1E37E389001F04AE /* Image.swift */; };
		F1FDD7BB1E380A5100AF487D /* CustomCollectionViewCell.swift in Sources */ = {isa = PBXBuildFile; fileRef = F1FDD7BA1E380A5100AF487D /* CustomCollectionViewCell.swift */; };
/* End PBXBuildFile section */

/* Begin PBXFileReference section */
		0711814800B0A64F7770DF5C /* Pods-doubledamnedLab.release.xcconfig */ = {isa = PBXFileReference; includeInIndex = 1; lastKnownFileType = text.xcconfig; name = "Pods-doubledamnedLab.release.xcconfig"; path = "Pods/Target Support Files/Pods-doubledamnedLab/Pods-doubledamnedLab.release.xcconfig"; sourceTree = "<group>"; };
		9C910AB542745ABAF16FD1E1 /* Pods_doubledamnedLab.framework */ = {isa = PBXFileReference; explicitFileType = wrapper.framework; includeInIndex = 0; path = Pods_doubledamnedLab.framework; sourceTree = BUILT_PRODUCTS_DIR; };
		DF186B193E4CC6543F32262E /* Pods-doubledamnedLab.debug.xcconfig */ = {isa = PBXFileReference; includeInIndex = 1; lastKnownFileType = text.xcconfig; name = "Pods-doubledamnedLab.debug.xcconfig"; path = "Pods/Target Support Files/Pods-doubledamnedLab/Pods-doubledamnedLab.debug.xcconfig"; sourceTree = "<group>"; };
		EAAB35DF1E39023F002C2DD3 /* OnboardingViewController.swift */ = {isa = PBXFileReference; fileEncoding = 4; lastKnownFileType = sourcecode.swift; path = OnboardingViewController.swift; sourceTree = "<group>"; };
		F107BC9C1E3866370043F310 /* ItemViewController.swift */ = {isa = PBXFileReference; fileEncoding = 4; lastKnownFileType = sourcecode.swift; path = ItemViewController.swift; sourceTree = "<group>"; };
		F1FA03551E37D5CA001F04AE /* doubledamnedLab.app */ = {isa = PBXFileReference; explicitFileType = wrapper.application; includeInIndex = 0; path = doubledamnedLab.app; sourceTree = BUILT_PRODUCTS_DIR; };
		F1FA03581E37D5CA001F04AE /* AppDelegate.swift */ = {isa = PBXFileReference; lastKnownFileType = sourcecode.swift; path = AppDelegate.swift; sourceTree = "<group>"; };
		F1FA035F1E37D5CA001F04AE /* Assets.xcassets */ = {isa = PBXFileReference; lastKnownFileType = folder.assetcatalog; path = Assets.xcassets; sourceTree = "<group>"; };
		F1FA03621E37D5CA001F04AE /* Base */ = {isa = PBXFileReference; lastKnownFileType = file.storyboard; name = Base; path = Base.lproj/LaunchScreen.storyboard; sourceTree = "<group>"; };
		F1FA03641E37D5CA001F04AE /* Info.plist */ = {isa = PBXFileReference; lastKnownFileType = text.plist.xml; path = Info.plist; sourceTree = "<group>"; };
		F1FA036C1E37D6D4001F04AE /* FullCollectionViewController.swift */ = {isa = PBXFileReference; fileEncoding = 4; lastKnownFileType = sourcecode.swift; path = FullCollectionViewController.swift; sourceTree = "<group>"; };
		F1FA03721E37D709001F04AE /* Main.storyboard */ = {isa = PBXFileReference; fileEncoding = 4; lastKnownFileType = file.storyboard; path = Main.storyboard; sourceTree = "<group>"; };
		F1FA03791E37DB27001F04AE /* UIKit.framework */ = {isa = PBXFileReference; lastKnownFileType = wrapper.framework; name = UIKit.framework; path = System/Library/Frameworks/UIKit.framework; sourceTree = SDKROOT; };
		F1FA037F1E37E389001F04AE /* Image.swift */ = {isa = PBXFileReference; fileEncoding = 4; lastKnownFileType = sourcecode.swift; path = Image.swift; sourceTree = "<group>"; };
		F1FDD7BA1E380A5100AF487D /* CustomCollectionViewCell.swift */ = {isa = PBXFileReference; fileEncoding = 4; lastKnownFileType = sourcecode.swift; path = CustomCollectionViewCell.swift; sourceTree = "<group>"; };
/* End PBXFileReference section */

/* Begin PBXFrameworksBuildPhase section */
		F1FA03521E37D5CA001F04AE /* Frameworks */ = {
			isa = PBXFrameworksBuildPhase;
			buildActionMask = 2147483647;
			files = (
				F1FA037A1E37DB27001F04AE /* UIKit.framework in Frameworks */,
				D20ACF85B8DB2EDCBDE4C0A9 /* Pods_doubledamnedLab.framework in Frameworks */,
			);
			runOnlyForDeploymentPostprocessing = 0;
		};
/* End PBXFrameworksBuildPhase section */

/* Begin PBXGroup section */
		52BE5A0B85371731BC7D89CD /* Pods */ = {
			isa = PBXGroup;
			children = (
				DF186B193E4CC6543F32262E /* Pods-doubledamnedLab.debug.xcconfig */,
				0711814800B0A64F7770DF5C /* Pods-doubledamnedLab.release.xcconfig */,
			);
			name = Pods;
			sourceTree = "<group>";
		};
		F1FA034C1E37D5CA001F04AE = {
			isa = PBXGroup;
			children = (
				F1FA03571E37D5CA001F04AE /* doubledamnedLab */,
				F1FA03561E37D5CA001F04AE /* Products */,
				F1FA03781E37DB27001F04AE /* Frameworks */,
				52BE5A0B85371731BC7D89CD /* Pods */,
			);
			sourceTree = "<group>";
		};
		F1FA03561E37D5CA001F04AE /* Products */ = {
			isa = PBXGroup;
			children = (
				F1FA03551E37D5CA001F04AE /* doubledamnedLab.app */,
			);
			name = Products;
			sourceTree = "<group>";
		};
		F1FA03571E37D5CA001F04AE /* doubledamnedLab */ = {
			isa = PBXGroup;
			children = (
				F1FA036C1E37D6D4001F04AE /* FullCollectionViewController.swift */,
				F1FA03581E37D5CA001F04AE /* AppDelegate.swift */,
				F1FA03721E37D709001F04AE /* Main.storyboard */,
				F1FA035F1E37D5CA001F04AE /* Assets.xcassets */,
				F1FA03611E37D5CA001F04AE /* LaunchScreen.storyboard */,
				F1FA03641E37D5CA001F04AE /* Info.plist */,
				F1FA037F1E37E389001F04AE /* Image.swift */,
				F1FDD7BA1E380A5100AF487D /* CustomCollectionViewCell.swift */,
				F107BC9C1E3866370043F310 /* ItemViewController.swift */,
				EAAB35DF1E39023F002C2DD3 /* OnboardingViewController.swift */,
			);
			path = doubledamnedLab;
			sourceTree = "<group>";
		};
		F1FA03781E37DB27001F04AE /* Frameworks */ = {
			isa = PBXGroup;
			children = (
				F1FA03791E37DB27001F04AE /* UIKit.framework */,
				9C910AB542745ABAF16FD1E1 /* Pods_doubledamnedLab.framework */,
			);
			name = Frameworks;
			sourceTree = "<group>";
		};
/* End PBXGroup section */

/* Begin PBXNativeTarget section */
		F1FA03541E37D5CA001F04AE /* doubledamnedLab */ = {
			isa = PBXNativeTarget;
			buildConfigurationList = F1FA03671E37D5CA001F04AE /* Build configuration list for PBXNativeTarget "doubledamnedLab" */;
			buildPhases = (
				5683DBD31190E56B8AF939F2 /* [CP] Check Pods Manifest.lock */,
				F1FA03511E37D5CA001F04AE /* Sources */,
				F1FA03521E37D5CA001F04AE /* Frameworks */,
				F1FA03531E37D5CA001F04AE /* Resources */,
				1E1E32843C6ECD31AEB1675E /* [CP] Embed Pods Frameworks */,
				F8D75F6107956660B6C93D68 /* [CP] Copy Pods Resources */,
			);
			buildRules = (
			);
			dependencies = (
			);
			name = doubledamnedLab;
			productName = doubledamnedLab;
			productReference = F1FA03551E37D5CA001F04AE /* doubledamnedLab.app */;
			productType = "com.apple.product-type.application";
		};
/* End PBXNativeTarget section */

/* Begin PBXProject section */
		F1FA034D1E37D5CA001F04AE /* Project object */ = {
			isa = PBXProject;
			attributes = {
				LastSwiftUpdateCheck = 0810;
				LastUpgradeCheck = 0810;
				ORGANIZATIONNAME = swiftlab;
				TargetAttributes = {
					F1FA03541E37D5CA001F04AE = {
						CreatedOnToolsVersion = 8.1;
						ProvisioningStyle = Automatic;
					};
				};
			};
			buildConfigurationList = F1FA03501E37D5CA001F04AE /* Build configuration list for PBXProject "doubledamnedLab" */;
			compatibilityVersion = "Xcode 3.2";
			developmentRegion = English;
			hasScannedForEncodings = 0;
			knownRegions = (
				en,
				Base,
			);
			mainGroup = F1FA034C1E37D5CA001F04AE;
			productRefGroup = F1FA03561E37D5CA001F04AE /* Products */;
			projectDirPath = "";
			projectRoot = "";
			targets = (
				F1FA03541E37D5CA001F04AE /* doubledamnedLab */,
			);
		};
/* End PBXProject section */

/* Begin PBXResourcesBuildPhase section */
		F1FA03531E37D5CA001F04AE /* Resources */ = {
			isa = PBXResourcesBuildPhase;
			buildActionMask = 2147483647;
			files = (
				F1FA03731E37D709001F04AE /* Main.storyboard in Resources */,
				F1FA03631E37D5CA001F04AE /* LaunchScreen.storyboard in Resources */,
				F1FA03601E37D5CA001F04AE /* Assets.xcassets in Resources */,
			);
			runOnlyForDeploymentPostprocessing = 0;
		};
/* End PBXResourcesBuildPhase section */

/* Begin PBXShellScriptBuildPhase section */
		1E1E32843C6ECD31AEB1675E /* [CP] Embed Pods Frameworks */ = {
			isa = PBXShellScriptBuildPhase;
			buildActionMask = 2147483647;
			files = (
			);
			inputPaths = (
			);
			name = "[CP] Embed Pods Frameworks";
			outputPaths = (
			);
			runOnlyForDeploymentPostprocessing = 0;
			shellPath = /bin/sh;
			shellScript = "\"${SRCROOT}/Pods/Target Support Files/Pods-doubledamnedLab/Pods-doubledamnedLab-frameworks.sh\"\n";
			showEnvVarsInLog = 0;
		};
		5683DBD31190E56B8AF939F2 /* [CP] Check Pods Manifest.lock */ = {
			isa = PBXShellScriptBuildPhase;
			buildActionMask = 2147483647;
			files = (
			);
			inputPaths = (
			);
			name = "[CP] Check Pods Manifest.lock";
			outputPaths = (
			);
			runOnlyForDeploymentPostprocessing = 0;
			shellPath = /bin/sh;
			shellScript = "diff \"${PODS_ROOT}/../Podfile.lock\" \"${PODS_ROOT}/Manifest.lock\" > /dev/null\nif [ $? != 0 ] ; then\n    # print error to STDERR\n    echo \"error: The sandbox is not in sync with the Podfile.lock. Run 'pod install' or update your CocoaPods installation.\" >&2\n    exit 1\nfi\n";
			showEnvVarsInLog = 0;
		};
		F8D75F6107956660B6C93D68 /* [CP] Copy Pods Resources */ = {
			isa = PBXShellScriptBuildPhase;
			buildActionMask = 2147483647;
			files = (
			);
			inputPaths = (
			);
			name = "[CP] Copy Pods Resources";
			outputPaths = (
			);
			runOnlyForDeploymentPostprocessing = 0;
			shellPath = /bin/sh;
			shellScript = "\"${SRCROOT}/Pods/Target Support Files/Pods-doubledamnedLab/Pods-doubledamnedLab-resources.sh\"\n";
			showEnvVarsInLog = 0;
		};
/* End PBXShellScriptBuildPhase section */

/* Begin PBXSourcesBuildPhase section */
		F1FA03511E37D5CA001F04AE /* Sources */ = {
			isa = PBXSourcesBuildPhase;
			buildActionMask = 2147483647;
			files = (
				F1FA036D1E37D6D4001F04AE /* FullCollectionViewController.swift in Sources */,
				EAAB35E01E39023F002C2DD3 /* OnboardingViewController.swift in Sources */,
				F1FDD7BB1E380A5100AF487D /* CustomCollectionViewCell.swift in Sources */,
				F107BC9D1E3866370043F310 /* ItemViewController.swift in Sources */,
				F1FA03801E37E389001F04AE /* Image.swift in Sources */,
				F1FA03591E37D5CA001F04AE /* AppDelegate.swift in Sources */,
			);
			runOnlyForDeploymentPostprocessing = 0;
		};
/* End PBXSourcesBuildPhase section */

/* Begin PBXVariantGroup section */
		F1FA03611E37D5CA001F04AE /* LaunchScreen.storyboard */ = {
			isa = PBXVariantGroup;
			children = (
				F1FA03621E37D5CA001F04AE /* Base */,
			);
			name = LaunchScreen.storyboard;
			sourceTree = "<group>";
		};
/* End PBXVariantGroup section */

/* Begin XCBuildConfiguration section */
		F1FA03651E37D5CA001F04AE /* Debug */ = {
			isa = XCBuildConfiguration;
			buildSettings = {
				ALWAYS_SEARCH_USER_PATHS = NO;
				CLANG_ANALYZER_NONNULL = YES;
				CLANG_CXX_LANGUAGE_STANDARD = "gnu++0x";
				CLANG_CXX_LIBRARY = "libc++";
				CLANG_ENABLE_MODULES = YES;
				CLANG_ENABLE_OBJC_ARC = YES;
				CLANG_WARN_BOOL_CONVERSION = YES;
				CLANG_WARN_CONSTANT_CONVERSION = YES;
				CLANG_WARN_DIRECT_OBJC_ISA_USAGE = YES_ERROR;
				CLANG_WARN_DOCUMENTATION_COMMENTS = YES;
				CLANG_WARN_EMPTY_BODY = YES;
				CLANG_WARN_ENUM_CONVERSION = YES;
				CLANG_WARN_INFINITE_RECURSION = YES;
				CLANG_WARN_INT_CONVERSION = YES;
				CLANG_WARN_OBJC_ROOT_CLASS = YES_ERROR;
				CLANG_WARN_SUSPICIOUS_MOVES = YES;
				CLANG_WARN_UNREACHABLE_CODE = YES;
				CLANG_WARN__DUPLICATE_METHOD_MATCH = YES;
				"CODE_SIGN_IDENTITY[sdk=iphoneos*]" = "iPhone Developer";
				COPY_PHASE_STRIP = NO;
				DEBUG_INFORMATION_FORMAT = dwarf;
				ENABLE_STRICT_OBJC_MSGSEND = YES;
				ENABLE_TESTABILITY = YES;
				GCC_C_LANGUAGE_STANDARD = gnu99;
				GCC_DYNAMIC_NO_PIC = NO;
				GCC_NO_COMMON_BLOCKS = YES;
				GCC_OPTIMIZATION_LEVEL = 0;
				GCC_PREPROCESSOR_DEFINITIONS = (
					"DEBUG=1",
					"$(inherited)",
				);
				GCC_WARN_64_TO_32_BIT_CONVERSION = YES;
				GCC_WARN_ABOUT_RETURN_TYPE = YES_ERROR;
				GCC_WARN_UNDECLARED_SELECTOR = YES;
				GCC_WARN_UNINITIALIZED_AUTOS = YES_AGGRESSIVE;
				GCC_WARN_UNUSED_FUNCTION = YES;
				GCC_WARN_UNUSED_VARIABLE = YES;
				IPHONEOS_DEPLOYMENT_TARGET = 10.1;
				MTL_ENABLE_DEBUG_INFO = YES;
				ONLY_ACTIVE_ARCH = YES;
				SDKROOT = iphoneos;
				SWIFT_ACTIVE_COMPILATION_CONDITIONS = DEBUG;
				SWIFT_OPTIMIZATION_LEVEL = "-Onone";
				TARGETED_DEVICE_FAMILY = "1,2";
			};
			name = Debug;
		};
		F1FA03661E37D5CA001F04AE /* Release */ = {
			isa = XCBuildConfiguration;
			buildSettings = {
				ALWAYS_SEARCH_USER_PATHS = NO;
				CLANG_ANALYZER_NONNULL = YES;
				CLANG_CXX_LANGUAGE_STANDARD = "gnu++0x";
				CLANG_CXX_LIBRARY = "libc++";
				CLANG_ENABLE_MODULES = YES;
				CLANG_ENABLE_OBJC_ARC = YES;
				CLANG_WARN_BOOL_CONVERSION = YES;
				CLANG_WARN_CONSTANT_CONVERSION = YES;
				CLANG_WARN_DIRECT_OBJC_ISA_USAGE = YES_ERROR;
				CLANG_WARN_DOCUMENTATION_COMMENTS = YES;
				CLANG_WARN_EMPTY_BODY = YES;
				CLANG_WARN_ENUM_CONVERSION = YES;
				CLANG_WARN_INFINITE_RECURSION = YES;
				CLANG_WARN_INT_CONVERSION = YES;
				CLANG_WARN_OBJC_ROOT_CLASS = YES_ERROR;
				CLANG_WARN_SUSPICIOUS_MOVES = YES;
				CLANG_WARN_UNREACHABLE_CODE = YES;
				CLANG_WARN__DUPLICATE_METHOD_MATCH = YES;
				"CODE_SIGN_IDENTITY[sdk=iphoneos*]" = "iPhone Developer";
				COPY_PHASE_STRIP = NO;
				DEBUG_INFORMATION_FORMAT = "dwarf-with-dsym";
				ENABLE_NS_ASSERTIONS = NO;
				ENABLE_STRICT_OBJC_MSGSEND = YES;
				GCC_C_LANGUAGE_STANDARD = gnu99;
				GCC_NO_COMMON_BLOCKS = YES;
				GCC_WARN_64_TO_32_BIT_CONVERSION = YES;
				GCC_WARN_ABOUT_RETURN_TYPE = YES_ERROR;
				GCC_WARN_UNDECLARED_SELECTOR = YES;
				GCC_WARN_UNINITIALIZED_AUTOS = YES_AGGRESSIVE;
				GCC_WARN_UNUSED_FUNCTION = YES;
				GCC_WARN_UNUSED_VARIABLE = YES;
				IPHONEOS_DEPLOYMENT_TARGET = 10.1;
				MTL_ENABLE_DEBUG_INFO = NO;
				SDKROOT = iphoneos;
				SWIFT_OPTIMIZATION_LEVEL = "-Owholemodule";
				TARGETED_DEVICE_FAMILY = "1,2";
				VALIDATE_PRODUCT = YES;
			};
			name = Release;
		};
		F1FA03681E37D5CA001F04AE /* Debug */ = {
			isa = XCBuildConfiguration;
			baseConfigurationReference = DF186B193E4CC6543F32262E /* Pods-doubledamnedLab.debug.xcconfig */;
			buildSettings = {
				ASSETCATALOG_COMPILER_APPICON_NAME = AppIcon;
				FRAMEWORK_SEARCH_PATHS = (
					"$(inherited)",
					"$(PROJECT_DIR)",
				);
				INFOPLIST_FILE = doubledamnedLab/Info.plist;
				IPHONEOS_DEPLOYMENT_TARGET = 10.0;
				LD_RUNPATH_SEARCH_PATHS = "$(inherited) @executable_path/Frameworks";
				PRODUCT_BUNDLE_IDENTIFIER = swiftlab.doubledamnedLab;
				PRODUCT_NAME = "$(TARGET_NAME)";
				SWIFT_VERSION = 3.0;
			};
			name = Debug;
		};
		F1FA03691E37D5CA001F04AE /* Release */ = {
			isa = XCBuildConfiguration;
			baseConfigurationReference = 0711814800B0A64F7770DF5C /* Pods-doubledamnedLab.release.xcconfig */;
			buildSettings = {
				ASSETCATALOG_COMPILER_APPICON_NAME = AppIcon;
				FRAMEWORK_SEARCH_PATHS = (
					"$(inherited)",
					"$(PROJECT_DIR)",
				);
				INFOPLIST_FILE = doubledamnedLab/Info.plist;
				IPHONEOS_DEPLOYMENT_TARGET = 10.0;
				LD_RUNPATH_SEARCH_PATHS = "$(inherited) @executable_path/Frameworks";
				PRODUCT_BUNDLE_IDENTIFIER = swiftlab.doubledamnedLab;
				PRODUCT_NAME = "$(TARGET_NAME)";
				SWIFT_VERSION = 3.0;
			};
			name = Release;
		};
/* End XCBuildConfiguration section */

/* Begin XCConfigurationList section */
		F1FA03501E37D5CA001F04AE /* Build configuration list for PBXProject "doubledamnedLab" */ = {
			isa = XCConfigurationList;
			buildConfigurations = (
				F1FA03651E37D5CA001F04AE /* Debug */,
				F1FA03661E37D5CA001F04AE /* Release */,
			);
			defaultConfigurationIsVisible = 0;
			defaultConfigurationName = Release;
		};
		F1FA03671E37D5CA001F04AE /* Build configuration list for PBXNativeTarget "doubledamnedLab" */ = {
			isa = XCConfigurationList;
			buildConfigurations = (
				F1FA03681E37D5CA001F04AE /* Debug */,
				F1FA03691E37D5CA001F04AE /* Release */,
			);
			defaultConfigurationIsVisible = 0;
			defaultConfigurationName = Release;
		};
/* End XCConfigurationList section */
	};
	rootObject = F1FA034D1E37D5CA001F04AE /* Project object */;
}
